
Microsoft Visual Studio Solution File, Format Version 12.00
# Visual Studio Version 17
VisualStudioVersion = 17.3.32804.467
MinimumVisualStudioVersion = 10.0.40219.1
Project("{FAE04EC0-301F-11D3-BF4B-00C04F79EFBC}") = "11sum", "11sum\11sum.csproj", "{A5234E5A-39E3-4379-9BA5-7C543E14563D}"
EndProject
Global
	GlobalSection(SolutionConfigurationPlatforms) = preSolution
		Debug|Any CPU = Debug|Any CPU
		Release|Any CPU = Release|Any CPU
	EndGlobalSection
	GlobalSection(ProjectConfigurationPlatforms) = postSolution
		{A5234E5A-39E3-4379-9BA5-7C543E14563D}.Debug|Any CPU.ActiveCfg = Debug|Any CPU
		{A5234E5A-39E3-4379-9BA5-7C543E14563D}.Debug|Any CPU.Build.0 = Debug|Any CPU
		{A5234E5A-39E3-4379-9BA5-7C543E14563D}.Release|Any CPU.ActiveCfg = Release|Any CPU
		{A5234E5A-39E3-4379-9BA5-7C543E14563D}.Release|Any CPU.Build.0 = Release|Any CPU
	EndGlobalSection
	GlobalSection(SolutionProperties) = preSolution
		HideSolutionNode = FALSE
	EndGlobalSection
	GlobalSection(ExtensibilityGlobals) = postSolution
		SolutionGuid = {5DBF654A-329B-49CE-9E72-FA52F6A79B82}
	EndGlobalSection
EndGlobal
