
Microsoft Visual Studio Solution File, Format Version 12.00
# Visual Studio Version 17
VisualStudioVersion = 17.3.32804.467
MinimumVisualStudioVersion = 10.0.40219.1
Project("{FAE04EC0-301F-11D3-BF4B-00C04F79EFBC}") = "mypro2", "mypro2\mypro2.csproj", "{D9B6545E-CF9F-4238-9F77-241D14FD9157}"
EndProject
Global
	GlobalSection(SolutionConfigurationPlatforms) = preSolution
		Debug|Any CPU = Debug|Any CPU
		Release|Any CPU = Release|Any CPU
	EndGlobalSection
	GlobalSection(ProjectConfigurationPlatforms) = postSolution
		{D9B6545E-CF9F-4238-9F77-241D14FD9157}.Debug|Any CPU.ActiveCfg = Debug|Any CPU
		{D9B6545E-CF9F-4238-9F77-241D14FD9157}.Debug|Any CPU.Build.0 = Debug|Any CPU
		{D9B6545E-CF9F-4238-9F77-241D14FD9157}.Release|Any CPU.ActiveCfg = Release|Any CPU
		{D9B6545E-CF9F-4238-9F77-241D14FD9157}.Release|Any CPU.Build.0 = Release|Any CPU
	EndGlobalSection
	GlobalSection(SolutionProperties) = preSolution
		HideSolutionNode = FALSE
	EndGlobalSection
	GlobalSection(ExtensibilityGlobals) = postSolution
		SolutionGuid = {61318272-8C06-41DC-9421-1A7BAD74C57C}
	EndGlobalSection
EndGlobal
