
Microsoft Visual Studio Solution File, Format Version 12.00
# Visual Studio Version 17
VisualStudioVersion = 17.3.32804.467
MinimumVisualStudioVersion = 10.0.40219.1
Project("{FAE04EC0-301F-11D3-BF4B-00C04F79EFBC}") = "average1", "average1\average1.csproj", "{6804E289-E7C1-45C3-BAED-CFB00F4E8624}"
EndProject
Global
	GlobalSection(SolutionConfigurationPlatforms) = preSolution
		Debug|Any CPU = Debug|Any CPU
		Release|Any CPU = Release|Any CPU
	EndGlobalSection
	GlobalSection(ProjectConfigurationPlatforms) = postSolution
		{6804E289-E7C1-45C3-BAED-CFB00F4E8624}.Debug|Any CPU.ActiveCfg = Debug|Any CPU
		{6804E289-E7C1-45C3-BAED-CFB00F4E8624}.Debug|Any CPU.Build.0 = Debug|Any CPU
		{6804E289-E7C1-45C3-BAED-CFB00F4E8624}.Release|Any CPU.ActiveCfg = Release|Any CPU
		{6804E289-E7C1-45C3-BAED-CFB00F4E8624}.Release|Any CPU.Build.0 = Release|Any CPU
	EndGlobalSection
	GlobalSection(SolutionProperties) = preSolution
		HideSolutionNode = FALSE
	EndGlobalSection
	GlobalSection(ExtensibilityGlobals) = postSolution
		SolutionGuid = {AF543B72-0F77-4B6B-94D7-6D9BAED481F5}
	EndGlobalSection
EndGlobal
